
Microsoft Visual Studio Solution File, Format Version 12.00
# Visual Studio Version 17
VisualStudioVersion = 17.3.32929.385
MinimumVisualStudioVersion = 10.0.40219.1
Project("{FAE04EC0-301F-11D3-BF4B-00C04F79EFBC}") = "loginAndRegistration", "loginAndRegistration\loginAndRegistration.csproj", "{29E358C0-F2E0-482D-B8B5-29365BD7962E}"
EndProject
Global
	GlobalSection(SolutionConfigurationPlatforms) = preSolution
		Debug|Any CPU = Debug|Any CPU
		Release|Any CPU = Release|Any CPU
	EndGlobalSection
	GlobalSection(ProjectConfigurationPlatforms) = postSolution
		{29E358C0-F2E0-482D-B8B5-29365BD7962E}.Debug|Any CPU.ActiveCfg = Debug|Any CPU
		{29E358C0-F2E0-482D-B8B5-29365BD7962E}.Debug|Any CPU.Build.0 = Debug|Any CPU
		{29E358C0-F2E0-482D-B8B5-29365BD7962E}.Release|Any CPU.ActiveCfg = Release|Any CPU
		{29E358C0-F2E0-482D-B8B5-29365BD7962E}.Release|Any CPU.Build.0 = Release|Any CPU
	EndGlobalSection
	GlobalSection(SolutionProperties) = preSolution
		HideSolutionNode = FALSE
	EndGlobalSection
	GlobalSection(ExtensibilityGlobals) = postSolution
		SolutionGuid = {D4BDBE06-8A5A-42A0-9D65-D11FD5B56740}
	EndGlobalSection
EndGlobal
